
Microsoft Visual Studio Solution File, Format Version 12.00
Project("{FAE04EC0-301F-11D3-BF4B-00C04F79EFBC}") = "AreaCalculatingLib", "AreaCalculatingLib\AreaCalculatingLib.csproj", "{4696392D-C8E8-46F0-A427-26BBD98459B1}"
EndProject
Project("{FAE04EC0-301F-11D3-BF4B-00C04F79EFBC}") = "AreaLibTest", "AreaLibTest\AreaLibTest.csproj", "{2EAEA097-1DB7-4AFC-8CEE-A27970146013}"
EndProject
Global
	GlobalSection(SolutionConfigurationPlatforms) = preSolution
		Debug|Any CPU = Debug|Any CPU
		Release|Any CPU = Release|Any CPU
	EndGlobalSection
	GlobalSection(ProjectConfigurationPlatforms) = postSolution
		{4696392D-C8E8-46F0-A427-26BBD98459B1}.Debug|Any CPU.ActiveCfg = Debug|Any CPU
		{4696392D-C8E8-46F0-A427-26BBD98459B1}.Debug|Any CPU.Build.0 = Debug|Any CPU
		{4696392D-C8E8-46F0-A427-26BBD98459B1}.Release|Any CPU.ActiveCfg = Release|Any CPU
		{4696392D-C8E8-46F0-A427-26BBD98459B1}.Release|Any CPU.Build.0 = Release|Any CPU
		{2EAEA097-1DB7-4AFC-8CEE-A27970146013}.Debug|Any CPU.ActiveCfg = Debug|Any CPU
		{2EAEA097-1DB7-4AFC-8CEE-A27970146013}.Debug|Any CPU.Build.0 = Debug|Any CPU
		{2EAEA097-1DB7-4AFC-8CEE-A27970146013}.Release|Any CPU.ActiveCfg = Release|Any CPU
		{2EAEA097-1DB7-4AFC-8CEE-A27970146013}.Release|Any CPU.Build.0 = Release|Any CPU
	EndGlobalSection
EndGlobal
